<?xml version="1.0" encoding="utf-8"?>
<Project ToolsVersion="4.0" xmlns="http://schemas.microsoft.com/developer/msbuild/2003">
  <ItemGroup>
    <Filter Include="DartEmbed">
      <UniqueIdentifier>{ecc92523-6c2e-47b2-929c-427fdf222f07}</UniqueIdentifier>
    </Filter>
    <Filter Include="src">
      <UniqueIdentifier>{da9ad88d-de55-4bfd-a602-142fc1807d1e}</UniqueIdentifier>
    </Filter>
  </ItemGroup>
  <ItemGroup>
    <ClInclude Include="src\Arguments.hpp">
      <Filter>src</Filter>
    </ClInclude>
    <ClInclude Include="src\BuiltinLibraries.hpp">
      <Filter>src</Filter>
    </ClInclude>
    <ClInclude Include="src\dart_api.h">
      <Filter>src</Filter>
    </ClInclude>
    <ClInclude Include="src\isolate_data.h">
      <Filter>src</Filter>
    </ClInclude>
    <ClInclude Include="src\NativeResolution.hpp">
      <Filter>src</Filter>
    </ClInclude>
    <ClInclude Include="src\ScriptLibrary.hpp">
      <Filter>src</Filter>
    </ClInclude>
    <ClInclude Include="DartEmbed\Isolate.hpp">
      <Filter>DartEmbed</Filter>
    </ClInclude>
    <ClInclude Include="DartEmbed\VirtualMachine.hpp">
      <Filter>DartEmbed</Filter>
    </ClInclude>
    <ClInclude Include="DartEmbed\GamePad.hpp">
      <Filter>DartEmbed</Filter>
    </ClInclude>
    <ClInclude Include="src\PlatformWindows.hpp">
      <Filter>src</Filter>
    </ClInclude>
    <ClInclude Include="src\EmbedLibraries.hpp">
      <Filter>src</Filter>
    </ClInclude>
  </ItemGroup>
  <ItemGroup>
    <ClCompile Include="src\BuiltinLibraries.cpp">
      <Filter>src</Filter>
    </ClCompile>
    <ClCompile Include="src\CoreLibrary.cpp">
      <Filter>src</Filter>
    </ClCompile>
    <ClCompile Include="src\IOLibrary.cpp">
      <Filter>src</Filter>
    </ClCompile>
    <ClCompile Include="src\Isolate.cpp">
      <Filter>src</Filter>
    </ClCompile>
    <ClCompile Include="src\ScriptLibrary.cpp">
      <Filter>src</Filter>
    </ClCompile>
    <ClCompile Include="src\GamePad.cpp">
      <Filter>src</Filter>
    </ClCompile>
    <ClCompile Include="src\main.cpp">
      <Filter>src</Filter>
    </ClCompile>
    <ClCompile Include="src\InputLibrary.cpp">
      <Filter>src</Filter>
    </ClCompile>
  </ItemGroup>
</Project>